
Microsoft Visual Studio Solution File, Format Version 12.00
# Visual Studio Version 16
VisualStudioVersion = 16.0.31702.278
MinimumVisualStudioVersion = 10.0.40219.1
Project("{9A19103F-16F7-4668-BE54-9A1E7A4F7556}") = "DCAS-PracticalExam", "DCAS-PracticalExam\DCAS-PracticalExam.csproj", "{BC43D18D-06F3-45C0-93E3-F99BF0FBCEDA}"
EndProject
Global
	GlobalSection(SolutionConfigurationPlatforms) = preSolution
		Debug|Any CPU = Debug|Any CPU
		Release|Any CPU = Release|Any CPU
	EndGlobalSection
	GlobalSection(ProjectConfigurationPlatforms) = postSolution
		{BC43D18D-06F3-45C0-93E3-F99BF0FBCEDA}.Debug|Any CPU.ActiveCfg = Debug|Any CPU
		{BC43D18D-06F3-45C0-93E3-F99BF0FBCEDA}.Debug|Any CPU.Build.0 = Debug|Any CPU
		{BC43D18D-06F3-45C0-93E3-F99BF0FBCEDA}.Release|Any CPU.ActiveCfg = Release|Any CPU
		{BC43D18D-06F3-45C0-93E3-F99BF0FBCEDA}.Release|Any CPU.Build.0 = Release|Any CPU
	EndGlobalSection
	GlobalSection(SolutionProperties) = preSolution
		HideSolutionNode = FALSE
	EndGlobalSection
	GlobalSection(ExtensibilityGlobals) = postSolution
		SolutionGuid = {CF4B99FC-04BB-4AAA-A5CD-EC78622CB9C0}
	EndGlobalSection
EndGlobal
